// !$*UTF8*$!
{
	archiveVersion = 1;
	classes = {
	};
	objectVersion = 77;
	objects = {

/* Begin PBXBuildFile section */
		C1BB35CF2EB29B4A004CDAA5 /* WidgetKit.framework in Frameworks */ = {isa = PBXBuildFile; fileRef = C1BB35CE2EB29B4A004CDAA5 /* WidgetKit.framework */; };
		C1BB35D12EB29B4A004CDAA5 /* SwiftUI.framework in Frameworks */ = {isa = PBXBuildFile; fileRef = C1BB35D02EB29B4A004CDAA5 /* SwiftUI.framework */; };
		C1BB35DE2EB29B50004CDAA5 /* QuoteWidgetExtensionExtension.appex in Embed Foundation Extensions */ = {isa = PBXBuildFile; fileRef = C1BB35CC2EB29B4A004CDAA5 /* QuoteWidgetExtensionExtension.appex */; settings = {ATTRIBUTES = (RemoveHeadersOnCopy, ); }; };
		C1DFD6AB2EB7F0DE00CDCC77 /* Auth in Frameworks */ = {isa = PBXBuildFile; productRef = C1DFD6AA2EB7F0DE00CDCC77 /* Auth */; };
		C1DFD6AD2EB7F0DE00CDCC77 /* Functions in Frameworks */ = {isa = PBXBuildFile; productRef = C1DFD6AC2EB7F0DE00CDCC77 /* Functions */; };
		C1DFD6AF2EB7F0DE00CDCC77 /* PostgREST in Frameworks */ = {isa = PBXBuildFile; productRef = C1DFD6AE2EB7F0DE00CDCC77 /* PostgREST */; };
		C1DFD6B12EB7F0DE00CDCC77 /* Realtime in Frameworks */ = {isa = PBXBuildFile; productRef = C1DFD6B02EB7F0DE00CDCC77 /* Realtime */; };
		C1DFD6B32EB7F0DE00CDCC77 /* Storage in Frameworks */ = {isa = PBXBuildFile; productRef = C1DFD6B22EB7F0DE00CDCC77 /* Storage */; };
		C1DFD6B52EB7F0DE00CDCC77 /* Supabase in Frameworks */ = {isa = PBXBuildFile; productRef = C1DFD6B42EB7F0DE00CDCC77 /* Supabase */; };
/* End PBXBuildFile section */

/* Begin PBXContainerItemProxy section */
		C1BB35DC2EB29B50004CDAA5 /* PBXContainerItemProxy */ = {
			isa = PBXContainerItemProxy;
			containerPortal = C1BB35A52EB2992B004CDAA5 /* Project object */;
			proxyType = 1;
			remoteGlobalIDString = C1BB35CB2EB29B4A004CDAA5;
			remoteInfo = QuoteWidgetExtensionExtension;
		};
/* End PBXContainerItemProxy section */

/* Begin PBXCopyFilesBuildPhase section */
		C1BB35E32EB29B50004CDAA5 /* Embed Foundation Extensions */ = {
			isa = PBXCopyFilesBuildPhase;
			buildActionMask = 2147483647;
			dstPath = "";
			dstSubfolderSpec = 13;
			files = (
				C1BB35DE2EB29B50004CDAA5 /* QuoteWidgetExtensionExtension.appex in Embed Foundation Extensions */,
			);
			name = "Embed Foundation Extensions";
			runOnlyForDeploymentPostprocessing = 0;
		};
/* End PBXCopyFilesBuildPhase section */

/* Begin PBXFileReference section */
		C1BB35AD2EB2992B004CDAA5 /* QuoteWidget.app */ = {isa = PBXFileReference; explicitFileType = wrapper.application; includeInIndex = 0; path = QuoteWidget.app; sourceTree = BUILT_PRODUCTS_DIR; };
		C1BB35CC2EB29B4A004CDAA5 /* QuoteWidgetExtensionExtension.appex */ = {isa = PBXFileReference; explicitFileType = "wrapper.app-extension"; includeInIndex = 0; path = QuoteWidgetExtensionExtension.appex; sourceTree = BUILT_PRODUCTS_DIR; };
		C1BB35CE2EB29B4A004CDAA5 /* WidgetKit.framework */ = {isa = PBXFileReference; lastKnownFileType = wrapper.framework; name = WidgetKit.framework; path = System/Library/Frameworks/WidgetKit.framework; sourceTree = SDKROOT; };
		C1BB35D02EB29B4A004CDAA5 /* SwiftUI.framework */ = {isa = PBXFileReference; lastKnownFileType = wrapper.framework; name = SwiftUI.framework; path = System/Library/Frameworks/SwiftUI.framework; sourceTree = SDKROOT; };
		C1BB35E42EB29B9A004CDAA5 /* QuoteWidgetExtensionExtension.entitlements */ = {isa = PBXFileReference; lastKnownFileType = text.plist.entitlements; path = QuoteWidgetExtensionExtension.entitlements; sourceTree = "<group>"; };
/* End PBXFileReference section */

/* Begin PBXFileSystemSynchronizedBuildFileExceptionSet section */
		C1BB35DF2EB29B50004CDAA5 /* Exceptions for "QuoteWidgetExtension" folder in "QuoteWidgetExtensionExtension" target */ = {
			isa = PBXFileSystemSynchronizedBuildFileExceptionSet;
			membershipExceptions = (
				Info.plist,
			);
			target = C1BB35CB2EB29B4A004CDAA5 /* QuoteWidgetExtensionExtension */;
		};
		C1BB35E62EB29CAD004CDAA5 /* Exceptions for "QuoteWidget" folder in "QuoteWidgetExtensionExtension" target */ = {
			isa = PBXFileSystemSynchronizedBuildFileExceptionSet;
			membershipExceptions = (
				Quote.swift,
				QuoteDisplayView.swift,
				SharedModelContainer.swift,
			);
			target = C1BB35CB2EB29B4A004CDAA5 /* QuoteWidgetExtensionExtension */;
		};
		C1DFD6BB2EB7F1C600CDCC77 /* Exceptions for "QuoteWidget" folder in "QuoteWidget" target */ = {
			isa = PBXFileSystemSynchronizedBuildFileExceptionSet;
			membershipExceptions = (
				Info.plist,
			);
			target = C1BB35AC2EB2992B004CDAA5 /* QuoteWidget */;
		};
/* End PBXFileSystemSynchronizedBuildFileExceptionSet section */

/* Begin PBXFileSystemSynchronizedRootGroup section */
		C1BB35AF2EB2992B004CDAA5 /* QuoteWidget */ = {
			isa = PBXFileSystemSynchronizedRootGroup;
			exceptions = (
				C1DFD6BB2EB7F1C600CDCC77 /* Exceptions for "QuoteWidget" folder in "QuoteWidget" target */,
				C1BB35E62EB29CAD004CDAA5 /* Exceptions for "QuoteWidget" folder in "QuoteWidgetExtensionExtension" target */,
			);
			path = QuoteWidget;
			sourceTree = "<group>";
		};
		C1BB35D22EB29B4A004CDAA5 /* QuoteWidgetExtension */ = {
			isa = PBXFileSystemSynchronizedRootGroup;
			exceptions = (
				C1BB35DF2EB29B50004CDAA5 /* Exceptions for "QuoteWidgetExtension" folder in "QuoteWidgetExtensionExtension" target */,
			);
			path = QuoteWidgetExtension;
			sourceTree = "<group>";
		};
/* End PBXFileSystemSynchronizedRootGroup section */

/* Begin PBXFrameworksBuildPhase section */
		C1BB35AA2EB2992B004CDAA5 /* Frameworks */ = {
			isa = PBXFrameworksBuildPhase;
			buildActionMask = 2147483647;
			files = (
				C1DFD6AF2EB7F0DE00CDCC77 /* PostgREST in Frameworks */,
				C1DFD6AD2EB7F0DE00CDCC77 /* Functions in Frameworks */,
				C1DFD6B52EB7F0DE00CDCC77 /* Supabase in Frameworks */,
				C1DFD6AB2EB7F0DE00CDCC77 /* Auth in Frameworks */,
				C1DFD6B32EB7F0DE00CDCC77 /* Storage in Frameworks */,
				C1DFD6B12EB7F0DE00CDCC77 /* Realtime in Frameworks */,
			);
			runOnlyForDeploymentPostprocessing = 0;
		};
		C1BB35C92EB29B4A004CDAA5 /* Frameworks */ = {
			isa = PBXFrameworksBuildPhase;
			buildActionMask = 2147483647;
			files = (
				C1BB35D12EB29B4A004CDAA5 /* SwiftUI.framework in Frameworks */,
				C1BB35CF2EB29B4A004CDAA5 /* WidgetKit.framework in Frameworks */,
			);
			runOnlyForDeploymentPostprocessing = 0;
		};
/* End PBXFrameworksBuildPhase section */

/* Begin PBXGroup section */
		C1BB35A42EB2992B004CDAA5 = {
			isa = PBXGroup;
			children = (
				C1BB35E42EB29B9A004CDAA5 /* QuoteWidgetExtensionExtension.entitlements */,
				C1BB35AF2EB2992B004CDAA5 /* QuoteWidget */,
				C1BB35D22EB29B4A004CDAA5 /* QuoteWidgetExtension */,
				C1BB35CD2EB29B4A004CDAA5 /* Frameworks */,
				C1BB35AE2EB2992B004CDAA5 /* Products */,
			);
			sourceTree = "<group>";
		};
		C1BB35AE2EB2992B004CDAA5 /* Products */ = {
			isa = PBXGroup;
			children = (
				C1BB35AD2EB2992B004CDAA5 /* QuoteWidget.app */,
				C1BB35CC2EB29B4A004CDAA5 /* QuoteWidgetExtensionExtension.appex */,
			);
			name = Products;
			sourceTree = "<group>";
		};
		C1BB35CD2EB29B4A004CDAA5 /* Frameworks */ = {
			isa = PBXGroup;
			children = (
				C1BB35CE2EB29B4A004CDAA5 /* WidgetKit.framework */,
				C1BB35D02EB29B4A004CDAA5 /* SwiftUI.framework */,
			);
			name = Frameworks;
			sourceTree = "<group>";
		};
/* End PBXGroup section */

/* Begin PBXNativeTarget section */
		C1BB35AC2EB2992B004CDAA5 /* QuoteWidget */ = {
			isa = PBXNativeTarget;
			buildConfigurationList = C1BB35BA2EB2992C004CDAA5 /* Build configuration list for PBXNativeTarget "QuoteWidget" */;
			buildPhases = (
				C1BB35A92EB2992B004CDAA5 /* Sources */,
				C1BB35AA2EB2992B004CDAA5 /* Frameworks */,
				C1BB35AB2EB2992B004CDAA5 /* Resources */,
				C1BB35E32EB29B50004CDAA5 /* Embed Foundation Extensions */,
			);
			buildRules = (
			);
			dependencies = (
				C1BB35DD2EB29B50004CDAA5 /* PBXTargetDependency */,
			);
			fileSystemSynchronizedGroups = (
				C1BB35AF2EB2992B004CDAA5 /* QuoteWidget */,
			);
			name = QuoteWidget;
			packageProductDependencies = (
				C1DFD6AA2EB7F0DE00CDCC77 /* Auth */,
				C1DFD6AC2EB7F0DE00CDCC77 /* Functions */,
				C1DFD6AE2EB7F0DE00CDCC77 /* PostgREST */,
				C1DFD6B02EB7F0DE00CDCC77 /* Realtime */,
				C1DFD6B22EB7F0DE00CDCC77 /* Storage */,
				C1DFD6B42EB7F0DE00CDCC77 /* Supabase */,
			);
			productName = QuoteWidget;
			productReference = C1BB35AD2EB2992B004CDAA5 /* QuoteWidget.app */;
			productType = "com.apple.product-type.application";
		};
		C1BB35CB2EB29B4A004CDAA5 /* QuoteWidgetExtensionExtension */ = {
			isa = PBXNativeTarget;
			buildConfigurationList = C1BB35E02EB29B50004CDAA5 /* Build configuration list for PBXNativeTarget "QuoteWidgetExtensionExtension" */;
			buildPhases = (
				C1BB35C82EB29B4A004CDAA5 /* Sources */,
				C1BB35C92EB29B4A004CDAA5 /* Frameworks */,
				C1BB35CA2EB29B4A004CDAA5 /* Resources */,
			);
			buildRules = (
			);
			dependencies = (
			);
			fileSystemSynchronizedGroups = (
				C1BB35D22EB29B4A004CDAA5 /* QuoteWidgetExtension */,
			);
			name = QuoteWidgetExtensionExtension;
			packageProductDependencies = (
			);
			productName = QuoteWidgetExtensionExtension;
			productReference = C1BB35CC2EB29B4A004CDAA5 /* QuoteWidgetExtensionExtension.appex */;
			productType = "com.apple.product-type.app-extension";
		};
/* End PBXNativeTarget section */

/* Begin PBXProject section */
		C1BB35A52EB2992B004CDAA5 /* Project object */ = {
			isa = PBXProject;
			attributes = {
				BuildIndependentTargetsInParallel = 1;
				LastSwiftUpdateCheck = 2600;
				LastUpgradeCheck = 2600;
				TargetAttributes = {
					C1BB35AC2EB2992B004CDAA5 = {
						CreatedOnToolsVersion = 26.0.1;
					};
					C1BB35CB2EB29B4A004CDAA5 = {
						CreatedOnToolsVersion = 26.0.1;
					};
				};
			};
			buildConfigurationList = C1BB35A82EB2992B004CDAA5 /* Build configuration list for PBXProject "QuoteWidget" */;
			developmentRegion = en;
			hasScannedForEncodings = 0;
			knownRegions = (
				en,
				Base,
			);
			mainGroup = C1BB35A42EB2992B004CDAA5;
			minimizedProjectReferenceProxies = 1;
			packageReferences = (
				C1DFD6A92EB7F0CB00CDCC77 /* XCRemoteSwiftPackageReference "supabase-swift" */,
			);
			preferredProjectObjectVersion = 77;
			productRefGroup = C1BB35AE2EB2992B004CDAA5 /* Products */;
			projectDirPath = "";
			projectRoot = "";
			targets = (
				C1BB35AC2EB2992B004CDAA5 /* QuoteWidget */,
				C1BB35CB2EB29B4A004CDAA5 /* QuoteWidgetExtensionExtension */,
			);
		};
/* End PBXProject section */

/* Begin PBXResourcesBuildPhase section */
		C1BB35AB2EB2992B004CDAA5 /* Resources */ = {
			isa = PBXResourcesBuildPhase;
			buildActionMask = 2147483647;
			files = (
			);
			runOnlyForDeploymentPostprocessing = 0;
		};
		C1BB35CA2EB29B4A004CDAA5 /* Resources */ = {
			isa = PBXResourcesBuildPhase;
			buildActionMask = 2147483647;
			files = (
			);
			runOnlyForDeploymentPostprocessing = 0;
		};
/* End PBXResourcesBuildPhase section */

/* Begin PBXSourcesBuildPhase section */
		C1BB35A92EB2992B004CDAA5 /* Sources */ = {
			isa = PBXSourcesBuildPhase;
			buildActionMask = 2147483647;
			files = (
			);
			runOnlyForDeploymentPostprocessing = 0;
		};
		C1BB35C82EB29B4A004CDAA5 /* Sources */ = {
			isa = PBXSourcesBuildPhase;
			buildActionMask = 2147483647;
			files = (
			);
			runOnlyForDeploymentPostprocessing = 0;
		};
/* End PBXSourcesBuildPhase section */

/* Begin PBXTargetDependency section */
		C1BB35DD2EB29B50004CDAA5 /* PBXTargetDependency */ = {
			isa = PBXTargetDependency;
			target = C1BB35CB2EB29B4A004CDAA5 /* QuoteWidgetExtensionExtension */;
			targetProxy = C1BB35DC2EB29B50004CDAA5 /* PBXContainerItemProxy */;
		};
/* End PBXTargetDependency section */

/* Begin XCBuildConfiguration section */
		C1BB35B82EB2992C004CDAA5 /* Debug */ = {
			isa = XCBuildConfiguration;
			buildSettings = {
				ALWAYS_SEARCH_USER_PATHS = NO;
				ASSETCATALOG_COMPILER_GENERATE_SWIFT_ASSET_SYMBOL_EXTENSIONS = YES;
				CLANG_ANALYZER_NONNULL = YES;
				CLANG_ANALYZER_NUMBER_OBJECT_CONVERSION = YES_AGGRESSIVE;
				CLANG_CXX_LANGUAGE_STANDARD = "gnu++20";
				CLANG_ENABLE_MODULES = YES;
				CLANG_ENABLE_OBJC_ARC = YES;
				CLANG_ENABLE_OBJC_WEAK = YES;
				CLANG_WARN_BLOCK_CAPTURE_AUTORELEASING = YES;
				CLANG_WARN_BOOL_CONVERSION = YES;
				CLANG_WARN_COMMA = YES;
				CLANG_WARN_CONSTANT_CONVERSION = YES;
				CLANG_WARN_DEPRECATED_OBJC_IMPLEMENTATIONS = YES;
				CLANG_WARN_DIRECT_OBJC_ISA_USAGE = YES_ERROR;
				CLANG_WARN_DOCUMENTATION_COMMENTS = YES;
				CLANG_WARN_EMPTY_BODY = YES;
				CLANG_WARN_ENUM_CONVERSION = YES;
				CLANG_WARN_INFINITE_RECURSION = YES;
				CLANG_WARN_INT_CONVERSION = YES;
				CLANG_WARN_NON_LITERAL_NULL_CONVERSION = YES;
				CLANG_WARN_OBJC_IMPLICIT_RETAIN_SELF = YES;
				CLANG_WARN_OBJC_LITERAL_CONVERSION = YES;
				CLANG_WARN_OBJC_ROOT_CLASS = YES_ERROR;
				CLANG_WARN_QUOTED_INCLUDE_IN_FRAMEWORK_HEADER = YES;
				CLANG_WARN_RANGE_LOOP_ANALYSIS = YES;
				CLANG_WARN_STRICT_PROTOTYPES = YES;
				CLANG_WARN_SUSPICIOUS_MOVE = YES;
				CLANG_WARN_UNGUARDED_AVAILABILITY = YES_AGGRESSIVE;
				CLANG_WARN_UNREACHABLE_CODE = YES;
				CLANG_WARN__DUPLICATE_METHOD_MATCH = YES;
				COPY_PHASE_STRIP = NO;
				DEBUG_INFORMATION_FORMAT = dwarf;
				DEVELOPMENT_TEAM = 89XPZTS47Z;
				ENABLE_STRICT_OBJC_MSGSEND = YES;
				ENABLE_TESTABILITY = YES;
				ENABLE_USER_SCRIPT_SANDBOXING = YES;
				GCC_C_LANGUAGE_STANDARD = gnu17;
				GCC_DYNAMIC_NO_PIC = NO;
				GCC_NO_COMMON_BLOCKS = YES;
				GCC_OPTIMIZATION_LEVEL = 0;
				GCC_PREPROCESSOR_DEFINITIONS = (
					"DEBUG=1",
					"$(inherited)",
				);
				GCC_WARN_64_TO_32_BIT_CONVERSION = YES;
				GCC_WARN_ABOUT_RETURN_TYPE = YES_ERROR;
				GCC_WARN_UNDECLARED_SELECTOR = YES;
				GCC_WARN_UNINITIALIZED_AUTOS = YES_AGGRESSIVE;
				GCC_WARN_UNUSED_FUNCTION = YES;
				GCC_WARN_UNUSED_VARIABLE = YES;
				IPHONEOS_DEPLOYMENT_TARGET = 26.0;
				LOCALIZATION_PREFERS_STRING_CATALOGS = YES;
				MTL_ENABLE_DEBUG_INFO = INCLUDE_SOURCE;
				MTL_FAST_MATH = YES;
				ONLY_ACTIVE_ARCH = YES;
				SDKROOT = iphoneos;
				SWIFT_ACTIVE_COMPILATION_CONDITIONS = "DEBUG $(inherited)";
				SWIFT_OPTIMIZATION_LEVEL = "-Onone";
			};
			name = Debug;
		};
		C1BB35B92EB2992C004CDAA5 /* Release */ = {
			isa = XCBuildConfiguration;
			buildSettings = {
				ALWAYS_SEARCH_USER_PATHS = NO;
				ASSETCATALOG_COMPILER_GENERATE_SWIFT_ASSET_SYMBOL_EXTENSIONS = YES;
				CLANG_ANALYZER_NONNULL = YES;
				CLANG_ANALYZER_NUMBER_OBJECT_CONVERSION = YES_AGGRESSIVE;
				CLANG_CXX_LANGUAGE_STANDARD = "gnu++20";
				CLANG_ENABLE_MODULES = YES;
				CLANG_ENABLE_OBJC_ARC = YES;
				CLANG_ENABLE_OBJC_WEAK = YES;
				CLANG_WARN_BLOCK_CAPTURE_AUTORELEASING = YES;
				CLANG_WARN_BOOL_CONVERSION = YES;
				CLANG_WARN_COMMA = YES;
				CLANG_WARN_CONSTANT_CONVERSION = YES;
				CLANG_WARN_DEPRECATED_OBJC_IMPLEMENTATIONS = YES;
				CLANG_WARN_DIRECT_OBJC_ISA_USAGE = YES_ERROR;
				CLANG_WARN_DOCUMENTATION_COMMENTS = YES;
				CLANG_WARN_EMPTY_BODY = YES;
				CLANG_WARN_ENUM_CONVERSION = YES;
				CLANG_WARN_INFINITE_RECURSION = YES;
				CLANG_WARN_INT_CONVERSION = YES;
				CLANG_WARN_NON_LITERAL_NULL_CONVERSION = YES;
				CLANG_WARN_OBJC_IMPLICIT_RETAIN_SELF = YES;
				CLANG_WARN_OBJC_LITERAL_CONVERSION = YES;
				CLANG_WARN_OBJC_ROOT_CLASS = YES_ERROR;
				CLANG_WARN_QUOTED_INCLUDE_IN_FRAMEWORK_HEADER = YES;
				CLANG_WARN_RANGE_LOOP_ANALYSIS = YES;
				CLANG_WARN_STRICT_PROTOTYPES = YES;
				CLANG_WARN_SUSPICIOUS_MOVE = YES;
				CLANG_WARN_UNGUARDED_AVAILABILITY = YES_AGGRESSIVE;
				CLANG_WARN_UNREACHABLE_CODE = YES;
				CLANG_WARN__DUPLICATE_METHOD_MATCH = YES;
				COPY_PHASE_STRIP = NO;
				DEBUG_INFORMATION_FORMAT = "dwarf-with-dsym";
				DEVELOPMENT_TEAM = 89XPZTS47Z;
				ENABLE_NS_ASSERTIONS = NO;
				ENABLE_STRICT_OBJC_MSGSEND = YES;
				ENABLE_USER_SCRIPT_SANDBOXING = YES;
				GCC_C_LANGUAGE_STANDARD = gnu17;
				GCC_NO_COMMON_BLOCKS = YES;
				GCC_WARN_64_TO_32_BIT_CONVERSION = YES;
				GCC_WARN_ABOUT_RETURN_TYPE = YES_ERROR;
				GCC_WARN_UNDECLARED_SELECTOR = YES;
				GCC_WARN_UNINITIALIZED_AUTOS = YES_AGGRESSIVE;
				GCC_WARN_UNUSED_FUNCTION = YES;
				GCC_WARN_UNUSED_VARIABLE = YES;
				IPHONEOS_DEPLOYMENT_TARGET = 26.0;
				LOCALIZATION_PREFERS_STRING_CATALOGS = YES;
				MTL_ENABLE_DEBUG_INFO = NO;
				MTL_FAST_MATH = YES;
				SDKROOT = iphoneos;
				SWIFT_COMPILATION_MODE = wholemodule;
				VALIDATE_PRODUCT = YES;
			};
			name = Release;
		};
		C1BB35BB2EB2992C004CDAA5 /* Debug */ = {
			isa = XCBuildConfiguration;
			buildSettings = {
				ASSETCATALOG_COMPILER_APPICON_NAME = AppIcon;
				ASSETCATALOG_COMPILER_GLOBAL_ACCENT_COLOR_NAME = AccentColor;
				CODE_SIGN_ENTITLEMENTS = QuoteWidget/QuoteWidget.entitlements;
				CODE_SIGN_STYLE = Automatic;
				CURRENT_PROJECT_VERSION = 1;
				DEVELOPMENT_TEAM = 89XPZTS47Z;
				ENABLE_PREVIEWS = YES;
				GENERATE_INFOPLIST_FILE = YES;
				INFOPLIST_FILE = QuoteWidget/Info.plist;
				INFOPLIST_KEY_UIApplicationSceneManifest_Generation = YES;
				INFOPLIST_KEY_UIApplicationSupportsIndirectInputEvents = YES;
				INFOPLIST_KEY_UILaunchScreen_Generation = YES;
				INFOPLIST_KEY_UISupportedInterfaceOrientations_iPad = "UIInterfaceOrientationPortrait UIInterfaceOrientationPortraitUpsideDown UIInterfaceOrientationLandscapeLeft UIInterfaceOrientationLandscapeRight";
				INFOPLIST_KEY_UISupportedInterfaceOrientations_iPhone = "UIInterfaceOrientationPortrait UIInterfaceOrientationLandscapeLeft UIInterfaceOrientationLandscapeRight";
				IPHONEOS_DEPLOYMENT_TARGET = 17.6;
				LD_RUNPATH_SEARCH_PATHS = (
					"$(inherited)",
					"@executable_path/Frameworks",
				);
				MARKETING_VERSION = 1.0;
				PRODUCT_BUNDLE_IDENTIFIER = com.prosamik.quotewidgetappnew;
				PRODUCT_NAME = "$(TARGET_NAME)";
				STRING_CATALOG_GENERATE_SYMBOLS = YES;
				SWIFT_APPROACHABLE_CONCURRENCY = YES;
				SWIFT_DEFAULT_ACTOR_ISOLATION = MainActor;
				SWIFT_EMIT_LOC_STRINGS = YES;
				SWIFT_UPCOMING_FEATURE_MEMBER_IMPORT_VISIBILITY = YES;
				SWIFT_VERSION = 5.0;
				TARGETED_DEVICE_FAMILY = "1,2";
			};
			name = Debug;
		};
		C1BB35BC2EB2992C004CDAA5 /* Release */ = {
			isa = XCBuildConfiguration;
			buildSettings = {
				ASSETCATALOG_COMPILER_APPICON_NAME = AppIcon;
				ASSETCATALOG_COMPILER_GLOBAL_ACCENT_COLOR_NAME = AccentColor;
				CODE_SIGN_ENTITLEMENTS = QuoteWidget/QuoteWidget.entitlements;
				CODE_SIGN_STYLE = Automatic;
				CURRENT_PROJECT_VERSION = 1;
				DEVELOPMENT_TEAM = 89XPZTS47Z;
				ENABLE_PREVIEWS = YES;
				GENERATE_INFOPLIST_FILE = YES;
				INFOPLIST_FILE = QuoteWidget/Info.plist;
				INFOPLIST_KEY_UIApplicationSceneManifest_Generation = YES;
				INFOPLIST_KEY_UIApplicationSupportsIndirectInputEvents = YES;
				INFOPLIST_KEY_UILaunchScreen_Generation = YES;
				INFOPLIST_KEY_UISupportedInterfaceOrientations_iPad = "UIInterfaceOrientationPortrait UIInterfaceOrientationPortraitUpsideDown UIInterfaceOrientationLandscapeLeft UIInterfaceOrientationLandscapeRight";
				INFOPLIST_KEY_UISupportedInterfaceOrientations_iPhone = "UIInterfaceOrientationPortrait UIInterfaceOrientationLandscapeLeft UIInterfaceOrientationLandscapeRight";
				IPHONEOS_DEPLOYMENT_TARGET = 17.6;
				LD_RUNPATH_SEARCH_PATHS = (
					"$(inherited)",
					"@executable_path/Frameworks",
				);
				MARKETING_VERSION = 1.0;
				PRODUCT_BUNDLE_IDENTIFIER = com.prosamik.quotewidgetappnew;
				PRODUCT_NAME = "$(TARGET_NAME)";
				STRING_CATALOG_GENERATE_SYMBOLS = YES;
				SWIFT_APPROACHABLE_CONCURRENCY = YES;
				SWIFT_DEFAULT_ACTOR_ISOLATION = MainActor;
				SWIFT_EMIT_LOC_STRINGS = YES;
				SWIFT_UPCOMING_FEATURE_MEMBER_IMPORT_VISIBILITY = YES;
				SWIFT_VERSION = 5.0;
				TARGETED_DEVICE_FAMILY = "1,2";
			};
			name = Release;
		};
		C1BB35E12EB29B50004CDAA5 /* Debug */ = {
			isa = XCBuildConfiguration;
			buildSettings = {
				ASSETCATALOG_COMPILER_GLOBAL_ACCENT_COLOR_NAME = AccentColor;
				ASSETCATALOG_COMPILER_WIDGET_BACKGROUND_COLOR_NAME = WidgetBackground;
				CODE_SIGN_ENTITLEMENTS = QuoteWidgetExtensionExtension.entitlements;
				CODE_SIGN_STYLE = Automatic;
				CURRENT_PROJECT_VERSION = 1;
				DEVELOPMENT_TEAM = 89XPZTS47Z;
				GENERATE_INFOPLIST_FILE = YES;
				INFOPLIST_FILE = QuoteWidgetExtension/Info.plist;
				INFOPLIST_KEY_CFBundleDisplayName = QuoteWidgetExtension;
				INFOPLIST_KEY_NSHumanReadableCopyright = "";
				IPHONEOS_DEPLOYMENT_TARGET = 17.6;
				LD_RUNPATH_SEARCH_PATHS = (
					"$(inherited)",
					"@executable_path/Frameworks",
					"@executable_path/../../Frameworks",
				);
				MARKETING_VERSION = 1.0;
				PRODUCT_BUNDLE_IDENTIFIER = com.prosamik.quotewidgetappnew.QuoteWidgetExtension;
				PRODUCT_NAME = "$(TARGET_NAME)";
				SKIP_INSTALL = YES;
				STRING_CATALOG_GENERATE_SYMBOLS = YES;
				SWIFT_APPROACHABLE_CONCURRENCY = YES;
				SWIFT_EMIT_LOC_STRINGS = YES;
				SWIFT_UPCOMING_FEATURE_MEMBER_IMPORT_VISIBILITY = YES;
				SWIFT_VERSION = 5.0;
				TARGETED_DEVICE_FAMILY = "1,2";
			};
			name = Debug;
		};
		C1BB35E22EB29B50004CDAA5 /* Release */ = {
			isa = XCBuildConfiguration;
			buildSettings = {
				ASSETCATALOG_COMPILER_GLOBAL_ACCENT_COLOR_NAME = AccentColor;
				ASSETCATALOG_COMPILER_WIDGET_BACKGROUND_COLOR_NAME = WidgetBackground;
				CODE_SIGN_ENTITLEMENTS = QuoteWidgetExtensionExtension.entitlements;
				CODE_SIGN_STYLE = Automatic;
				CURRENT_PROJECT_VERSION = 1;
				DEVELOPMENT_TEAM = 89XPZTS47Z;
				GENERATE_INFOPLIST_FILE = YES;
				INFOPLIST_FILE = QuoteWidgetExtension/Info.plist;
				INFOPLIST_KEY_CFBundleDisplayName = QuoteWidgetExtension;
				INFOPLIST_KEY_NSHumanReadableCopyright = "";
				IPHONEOS_DEPLOYMENT_TARGET = 17.6;
				LD_RUNPATH_SEARCH_PATHS = (
					"$(inherited)",
					"@executable_path/Frameworks",
					"@executable_path/../../Frameworks",
				);
				MARKETING_VERSION = 1.0;
				PRODUCT_BUNDLE_IDENTIFIER = com.prosamik.quotewidgetappnew.QuoteWidgetExtension;
				PRODUCT_NAME = "$(TARGET_NAME)";
				SKIP_INSTALL = YES;
				STRING_CATALOG_GENERATE_SYMBOLS = YES;
				SWIFT_APPROACHABLE_CONCURRENCY = YES;
				SWIFT_EMIT_LOC_STRINGS = YES;
				SWIFT_UPCOMING_FEATURE_MEMBER_IMPORT_VISIBILITY = YES;
				SWIFT_VERSION = 5.0;
				TARGETED_DEVICE_FAMILY = "1,2";
			};
			name = Release;
		};
/* End XCBuildConfiguration section */

/* Begin XCConfigurationList section */
		C1BB35A82EB2992B004CDAA5 /* Build configuration list for PBXProject "QuoteWidget" */ = {
			isa = XCConfigurationList;
			buildConfigurations = (
				C1BB35B82EB2992C004CDAA5 /* Debug */,
				C1BB35B92EB2992C004CDAA5 /* Release */,
			);
			defaultConfigurationIsVisible = 0;
			defaultConfigurationName = Release;
		};
		C1BB35BA2EB2992C004CDAA5 /* Build configuration list for PBXNativeTarget "QuoteWidget" */ = {
			isa = XCConfigurationList;
			buildConfigurations = (
				C1BB35BB2EB2992C004CDAA5 /* Debug */,
				C1BB35BC2EB2992C004CDAA5 /* Release */,
			);
			defaultConfigurationIsVisible = 0;
			defaultConfigurationName = Release;
		};
		C1BB35E02EB29B50004CDAA5 /* Build configuration list for PBXNativeTarget "QuoteWidgetExtensionExtension" */ = {
			isa = XCConfigurationList;
			buildConfigurations = (
				C1BB35E12EB29B50004CDAA5 /* Debug */,
				C1BB35E22EB29B50004CDAA5 /* Release */,
			);
			defaultConfigurationIsVisible = 0;
			defaultConfigurationName = Release;
		};
/* End XCConfigurationList section */

/* Begin XCRemoteSwiftPackageReference section */
		C1DFD6A92EB7F0CB00CDCC77 /* XCRemoteSwiftPackageReference "supabase-swift" */ = {
			isa = XCRemoteSwiftPackageReference;
			repositoryURL = "https://github.com/supabase/supabase-swift";
			requirement = {
				kind = upToNextMajorVersion;
				minimumVersion = 2.5.1;
			};
		};
/* End XCRemoteSwiftPackageReference section */

/* Begin XCSwiftPackageProductDependency section */
		C1DFD6AA2EB7F0DE00CDCC77 /* Auth */ = {
			isa = XCSwiftPackageProductDependency;
			package = C1DFD6A92EB7F0CB00CDCC77 /* XCRemoteSwiftPackageReference "supabase-swift" */;
			productName = Auth;
		};
		C1DFD6AC2EB7F0DE00CDCC77 /* Functions */ = {
			isa = XCSwiftPackageProductDependency;
			package = C1DFD6A92EB7F0CB00CDCC77 /* XCRemoteSwiftPackageReference "supabase-swift" */;
			productName = Functions;
		};
		C1DFD6AE2EB7F0DE00CDCC77 /* PostgREST */ = {
			isa = XCSwiftPackageProductDependency;
			package = C1DFD6A92EB7F0CB00CDCC77 /* XCRemoteSwiftPackageReference "supabase-swift" */;
			productName = PostgREST;
		};
		C1DFD6B02EB7F0DE00CDCC77 /* Realtime */ = {
			isa = XCSwiftPackageProductDependency;
			package = C1DFD6A92EB7F0CB00CDCC77 /* XCRemoteSwiftPackageReference "supabase-swift" */;
			productName = Realtime;
		};
		C1DFD6B22EB7F0DE00CDCC77 /* Storage */ = {
			isa = XCSwiftPackageProductDependency;
			package = C1DFD6A92EB7F0CB00CDCC77 /* XCRemoteSwiftPackageReference "supabase-swift" */;
			productName = Storage;
		};
		C1DFD6B42EB7F0DE00CDCC77 /* Supabase */ = {
			isa = XCSwiftPackageProductDependency;
			package = C1DFD6A92EB7F0CB00CDCC77 /* XCRemoteSwiftPackageReference "supabase-swift" */;
			productName = Supabase;
		};
/* End XCSwiftPackageProductDependency section */
	};
	rootObject = C1BB35A52EB2992B004CDAA5 /* Project object */;
}
